<?xml version="1.0" encoding="utf-8"?>
<Project ToolsVersion="4.0" xmlns="http://schemas.microsoft.com/developer/msbuild/2003">
  <ItemGroup>
    <Filter Include="Pliki źródłowe">
      <UniqueIdentifier>{4FC737F1-C7A5-4376-A066-2A32D752A2FF}</UniqueIdentifier>
      <Extensions>cpp;c;cc;cxx;c++;cppm;ixx;def;odl;idl;hpj;bat;asm;asmx</Extensions>
    </Filter>
    <Filter Include="Pliki nagłówkowe">
      <UniqueIdentifier>{93995380-89BD-4b04-88EB-625FBE52EBFB}</UniqueIdentifier>
      <Extensions>h;hh;hpp;hxx;h++;hm;inl;inc;ipp;xsd</Extensions>
    </Filter>
    <Filter Include="Pliki zasobów">
      <UniqueIdentifier>{67DA6AB6-F800-4c08-8B7A-83BB121AAD01}</UniqueIdentifier>
      <Extensions>rc;ico;cur;bmp;dlg;rc2;rct;bin;rgs;gif;jpg;jpeg;jpe;resx;tiff;tif;png;wav;mfcribbon-ms</Extensions>
    </Filter>
    <Filter Include="Pliki nagłówkowe\Player">
      <UniqueIdentifier>{f73e5156-208f-41c6-a24f-e0012e1c56bd}</UniqueIdentifier>
    </Filter>
    <Filter Include="Pliki nagłówkowe\JsonWorker">
      <UniqueIdentifier>{ee8da216-bd0f-4281-af93-2aa95adb97fc}</UniqueIdentifier>
    </Filter>
  </ItemGroup>
  <ItemGroup>
    <ClCompile Include="Main.cpp">
      <Filter>Pliki źródłowe</Filter>
    </ClCompile>
    <ClCompile Include="D:\Programs\Projekty\jsoncpp\dist\jsoncpp.cpp">
      <Filter>Pliki źródłowe</Filter>
    </ClCompile>
    <ClCompile Include="FileWorker\FileWorker.cpp">
      <Filter>Pliki źródłowe</Filter>
    </ClCompile>
    <ClCompile Include="JsonWorker\JsonWorker.cpp">
      <Filter>Pliki źródłowe</Filter>
    </ClCompile>
    <ClCompile Include="Player\Player.cpp">
      <Filter>Pliki źródłowe</Filter>
    </ClCompile>
    <ClCompile Include="Sockets\ApiConnector.cpp">
      <Filter>Pliki źródłowe</Filter>
    </ClCompile>
    <ClCompile Include="D:\Programs\Projekty\tmxlite\tmxlite\src\Map.cpp">
      <Filter>Pliki źródłowe</Filter>
    </ClCompile>
    <ClCompile Include="D:\Programs\Projekty\tmxlite\tmxlite\src\Object.cpp">
      <Filter>Pliki źródłowe</Filter>
    </ClCompile>
    <ClCompile Include="D:\Programs\Projekty\tmxlite\tmxlite\src\ObjectGroup.cpp">
      <Filter>Pliki źródłowe</Filter>
    </ClCompile>
    <ClCompile Include="D:\Programs\Projekty\tmxlite\tmxlite\src\Property.cpp">
      <Filter>Pliki źródłowe</Filter>
    </ClCompile>
    <ClCompile Include="D:\Programs\Projekty\tmxlite\tmxlite\src\TileLayer.cpp">
      <Filter>Pliki źródłowe</Filter>
    </ClCompile>
    <ClCompile Include="D:\Programs\Projekty\tmxlite\tmxlite\src\Tileset.cpp">
      <Filter>Pliki źródłowe</Filter>
    </ClCompile>
    <ClCompile Include="D:\Programs\Projekty\tmxlite\tmxlite\src\miniz.c">
      <Filter>Pliki źródłowe</Filter>
    </ClCompile>
    <ClCompile Include="D:\Programs\Projekty\tmxlite\tmxlite\src\FreeFuncs.cpp">
      <Filter>Pliki źródłowe</Filter>
    </ClCompile>
    <ClCompile Include="D:\Programs\Projekty\tmxlite\tmxlite\src\ImageLayer.cpp">
      <Filter>Pliki źródłowe</Filter>
    </ClCompile>
    <ClCompile Include="D:\Programs\Projekty\tmxlite\tmxlite\src\LayerGroup.cpp">
      <Filter>Pliki źródłowe</Filter>
    </ClCompile>
    <ClCompile Include="D:\Programs\Projekty\tmxlite\tmxlite\src\detail\pugixml.cpp">
      <Filter>Pliki źródłowe</Filter>
    </ClCompile>
    <ClCompile Include="Player\PlayerCamera.cpp">
      <Filter>Pliki źródłowe</Filter>
    </ClCompile>
    <ClCompile Include="Options\Options.cpp">
      <Filter>Pliki źródłowe</Filter>
    </ClCompile>
    <ClCompile Include="Game.cpp">
      <Filter>Pliki źródłowe</Filter>
    </ClCompile>
  </ItemGroup>
  <ItemGroup>
    <ClInclude Include="Sockets\api_connector.h">
      <Filter>Pliki nagłówkowe</Filter>
    </ClInclude>
    <ClInclude Include="FileWorker\file_worker.h">
      <Filter>Pliki nagłówkowe</Filter>
    </ClInclude>
    <ClInclude Include="JsonWorker\json_worker.h">
      <Filter>Pliki nagłówkowe</Filter>
    </ClInclude>
    <ClInclude Include="Player\player_class.h">
      <Filter>Pliki nagłówkowe</Filter>
    </ClInclude>
    <ClInclude Include="D:\Programs\Projekty\tmxlite\tmxlite\src\detail\pugixml.hpp">
      <Filter>Pliki nagłówkowe</Filter>
    </ClInclude>
    <ClInclude Include="FileWorker\sfml_layer_loader.h">
      <Filter>Pliki nagłówkowe</Filter>
    </ClInclude>
    <ClInclude Include="Player\player_camera.h">
      <Filter>Pliki nagłówkowe</Filter>
    </ClInclude>
    <ClInclude Include="Options\options.h">
      <Filter>Pliki nagłówkowe</Filter>
    </ClInclude>
  </ItemGroup>
  <ItemGroup>
    <None Include="Assets\192 racetrack Divided (1).tsx" />
    <None Include="Game.h" />
    <None Include="Assets\testmap.tmx" />
    <None Include="Assets\192 racetrack Divided.tsx" />
    <None Include="Assets\grass.tsx" />
    <None Include="Assets\racemap2.tmx" />
    <None Include="Assets\startblock.tsx" />
    <None Include="Assets\eventblocks.tsx" />
  </ItemGroup>
  <ItemGroup>
    <Image Include="Assets\192 racetrack Divided.png">
      <Filter>Pliki zasobów</Filter>
    </Image>
    <Image Include="Assets\grass.png">
      <Filter>Pliki zasobów</Filter>
    </Image>
    <Image Include="Assets\car_spirit_1.png">
      <Filter>Pliki zasobów</Filter>
    </Image>
    <Image Include="Assets\car_sprite_8.png">
      <Filter>Pliki zasobów</Filter>
    </Image>
    <Image Include="Assets\car_sprite_7.png">
      <Filter>Pliki zasobów</Filter>
    </Image>
    <Image Include="Assets\car_sprite_4.png">
      <Filter>Pliki zasobów</Filter>
    </Image>
    <Image Include="Assets\car_sprite_5.png">
      <Filter>Pliki zasobów</Filter>
    </Image>
    <Image Include="Assets\car_sprite_6.png">
      <Filter>Pliki zasobów</Filter>
    </Image>
    <Image Include="Assets\car_sprite_1.png">
      <Filter>Pliki zasobów</Filter>
    </Image>
    <Image Include="Assets\car_sprite_3.png">
      <Filter>Pliki zasobów</Filter>
    </Image>
    <Image Include="Assets\car_sprite_2.png">
      <Filter>Pliki zasobów</Filter>
    </Image>
    <Image Include="Assets\startblock.png">
      <Filter>Pliki zasobów</Filter>
    </Image>
    <Image Include="Assets\eventblocks.png">
      <Filter>Pliki zasobów</Filter>
    </Image>
  </ItemGroup>
</Project>